
Microsoft Visual Studio Solution File, Format Version 12.00
# Visual Studio Version 17
VisualStudioVersion = 17.13.35825.156 d17.13
MinimumVisualStudioVersion = 10.0.40219.1
Project("{FAE04EC0-301F-11D3-BF4B-00C04F79EFBC}") = "Game_RPG", "Game_RPG.csproj", "{12453251-4CE9-48CA-9E4E-86881F048041}"
EndProject
Global
	GlobalSection(SolutionConfigurationPlatforms) = preSolution
		Debug|Any CPU = Debug|Any CPU
		Release|Any CPU = Release|Any CPU
	EndGlobalSection
	GlobalSection(ProjectConfigurationPlatforms) = postSolution
		{12453251-4CE9-48CA-9E4E-86881F048041}.Debug|Any CPU.ActiveCfg = Debug|Any CPU
		{12453251-4CE9-48CA-9E4E-86881F048041}.Debug|Any CPU.Build.0 = Debug|Any CPU
		{12453251-4CE9-48CA-9E4E-86881F048041}.Release|Any CPU.ActiveCfg = Release|Any CPU
		{12453251-4CE9-48CA-9E4E-86881F048041}.Release|Any CPU.Build.0 = Release|Any CPU
	EndGlobalSection
	GlobalSection(SolutionProperties) = preSolution
		HideSolutionNode = FALSE
	EndGlobalSection
	GlobalSection(ExtensibilityGlobals) = postSolution
		SolutionGuid = {0D947D5C-D687-46CC-846A-CC84D823343B}
	EndGlobalSection
EndGlobal
